[{<<"base64url">>,
  {git,"https://github.com/dvv/base64url.git",
       {ref,"9d0fe71ef6dfd2bf623e64ad495098c9eabbf0ef"}},
  1},
 {<<"bitcask">>,
  {git,"git@github.com:basho/bitcask.git",
       {ref,"4c6b2faf8cf056670ea94a3c94a123488f7b90a7"}},
  0},
 {<<"fernet">>,
  {git,"git@github.com:bigkevmcd/erlfernet.git",
       {ref,"40b1a9fb92388ca5f9f512501198a138cbdf9304"}},
  0},
 {<<"goldrush">>,{pkg,<<"goldrush">>,<<"0.1.6">>},1},
 {<<"lager">>,{pkg,<<"lager">>,<<"2.1.1">>},0},
 {<<"pkcs7">>,
  {git,"https://github.com/camshaft/pkcs7.erl.git",
       {ref,"56b11a13f6743b5610adab934389972fc530a7a1"}},
  1},
 {<<"ranch">>,
  {git,"git@github.com:heroku/ranch.git",
       {ref,"cb1b7bd43d079b79a734ba5169d4cb221c237815"}},
  0}].
