[{<<"aws">>,
  {git,"https://github.com/jkakar/aws-erlang",
       {ref,"42a243d3ab9c3b0d1095bed50ba1c31d3d7dbce2"}},
  1},
 {<<"base64url">>,
  {git,"https://github.com/dvv/base64url.git",
       {ref,"9d0fe71ef6dfd2bf623e64ad495098c9eabbf0ef"}},
  1},
 {<<"bitcask">>,
  {git,"git@github.com:basho/bitcask.git",
       {ref,"fa139ea6e19cf3adf88ea1f7b6fbef8f4581f4fe"}},
  0},
 {<<"erlware_commons">>,{pkg,<<"erlware_commons">>,<<"0.15.0">>},2},
 {<<"fernet">>,
  {git,"git@github.com:bigkevmcd/erlfernet.git",
       {ref,"40b1a9fb92388ca5f9f512501198a138cbdf9304"}},
  0},
 {<<"goldrush">>,{pkg,<<"goldrush">>,<<"0.1.6">>},1},
 {<<"hackney">>,{pkg,<<"hackney">>,<<"1.0.6">>},2},
 {<<"idna">>,{pkg,<<"idna">>,<<"1.0.2">>},3},
 {<<"jsx">>,
  {git,"git://github.com/talentdeficit/jsx.git",
       {ref,"9d4534edc57686f28e16c5b1f6902a7e99c8b035"}},
  2},
 {<<"lager">>,{pkg,<<"lager">>,<<"2.1.1">>},0},
 {<<"pallet">>,
  {git,"git@github.com:heroku/pallet.git",
       {ref,"c5c6acf90efe7a704535aa8b536c844f93f0e265"}},
  0},
 {<<"pkcs7">>,
  {git,"https://github.com/camshaft/pkcs7.erl.git",
       {ref,"56b11a13f6743b5610adab934389972fc530a7a1"}},
  1},
 {<<"ranch">>,
  {git,"git@github.com:heroku/ranch.git",
       {ref,"cb1b7bd43d079b79a734ba5169d4cb221c237815"}},
  0},
 {<<"ssl_verify_hostname">>,{pkg,<<"ssl_verify_hostname">>,<<"1.0.1">>},3}].
